// !$*UTF8*$!
{
	archiveVersion = 1;
	classes = {
	};
	objectVersion = 46;
	objects = {

/* Begin PBXBuildFile section */
		9417325C1B150200006B5F78 /* ChooseAnalyzerViewController.m in Sources */ = {isa = PBXBuildFile; fileRef = 9417325A1B150200006B5F78 /* ChooseAnalyzerViewController.m */; };
		9417325D1B150200006B5F78 /* ChooseAnalyzerViewController.xib in Resources */ = {isa = PBXBuildFile; fileRef = 9417325B1B150200006B5F78 /* ChooseAnalyzerViewController.xib */; };
		941732651B1504ED006B5F78 /* UICKeyChainStore.m in Sources */ = {isa = PBXBuildFile; fileRef = 941732641B1504ED006B5F78 /* UICKeyChainStore.m */; };
		949FAE771B547A0D00835D9B /* Person.m in Sources */ = {isa = PBXBuildFile; fileRef = 949FAE761B547A0D00835D9B /* Person.m */; };
		949FAE7A1B547A9500835D9B /* Post.m in Sources */ = {isa = PBXBuildFile; fileRef = 949FAE791B547A9500835D9B /* Post.m */; };
		949FAE7D1B547AC700835D9B /* Comment.m in Sources */ = {isa = PBXBuildFile; fileRef = 949FAE7C1B547AC700835D9B /* Comment.m */; };
		949FAE801B547BE600835D9B /* Like.m in Sources */ = {isa = PBXBuildFile; fileRef = 949FAE7F1B547BE600835D9B /* Like.m */; };
		94B2B01B1B14E82900CFE01F /* main.m in Sources */ = {isa = PBXBuildFile; fileRef = 94B2B01A1B14E82900CFE01F /* main.m */; };
		94B2B01E1B14E82900CFE01F /* AppDelegate.m in Sources */ = {isa = PBXBuildFile; fileRef = 94B2B01D1B14E82900CFE01F /* AppDelegate.m */; };
		94B2B0211B14E82900CFE01F /* ViewController.m in Sources */ = {isa = PBXBuildFile; fileRef = 94B2B0201B14E82900CFE01F /* ViewController.m */; };
		94B2B0241B14E82900CFE01F /* Main.storyboard in Resources */ = {isa = PBXBuildFile; fileRef = 94B2B0221B14E82900CFE01F /* Main.storyboard */; };
		94B2B0261B14E82900CFE01F /* Images.xcassets in Resources */ = {isa = PBXBuildFile; fileRef = 94B2B0251B14E82900CFE01F /* Images.xcassets */; };
		94B2B0291B14E82900CFE01F /* LaunchScreen.xib in Resources */ = {isa = PBXBuildFile; fileRef = 94B2B0271B14E82900CFE01F /* LaunchScreen.xib */; };
		94B2B0351B14E82A00CFE01F /* Facebook_Friend_AnalyzerTests.m in Sources */ = {isa = PBXBuildFile; fileRef = 94B2B0341B14E82A00CFE01F /* Facebook_Friend_AnalyzerTests.m */; };
		94B2B0411B14EAC900CFE01F /* FBSDKCoreKit.framework in Frameworks */ = {isa = PBXBuildFile; fileRef = 94B2B03E1B14EAC900CFE01F /* FBSDKCoreKit.framework */; };
		94B2B0421B14EAC900CFE01F /* FBSDKLoginKit.framework in Frameworks */ = {isa = PBXBuildFile; fileRef = 94B2B03F1B14EAC900CFE01F /* FBSDKLoginKit.framework */; };
		94B2B0431B14EAC900CFE01F /* FBSDKShareKit.framework in Frameworks */ = {isa = PBXBuildFile; fileRef = 94B2B0401B14EAC900CFE01F /* FBSDKShareKit.framework */; };
		94B2B0471B14EB0B00CFE01F /* LoginViewController.m in Sources */ = {isa = PBXBuildFile; fileRef = 94B2B0451B14EB0B00CFE01F /* LoginViewController.m */; };
		94B2B0481B14EB0B00CFE01F /* LoginViewController.xib in Resources */ = {isa = PBXBuildFile; fileRef = 94B2B0461B14EB0B00CFE01F /* LoginViewController.xib */; };
		94D17D361B1A514B006AF7A7 /* facebook_f_icon.png in Resources */ = {isa = PBXBuildFile; fileRef = 94D17D351B1A514B006AF7A7 /* facebook_f_icon.png */; };
/* End PBXBuildFile section */

/* Begin PBXContainerItemProxy section */
		94B2B02F1B14E82A00CFE01F /* PBXContainerItemProxy */ = {
			isa = PBXContainerItemProxy;
			containerPortal = 94B2B00D1B14E82900CFE01F /* Project object */;
			proxyType = 1;
			remoteGlobalIDString = 94B2B0141B14E82900CFE01F;
			remoteInfo = "Facebook Friend Analyzer";
		};
/* End PBXContainerItemProxy section */

/* Begin PBXFileReference section */
		941732591B150200006B5F78 /* ChooseAnalyzerViewController.h */ = {isa = PBXFileReference; fileEncoding = 4; lastKnownFileType = sourcecode.c.h; path = ChooseAnalyzerViewController.h; sourceTree = "<group>"; };
		9417325A1B150200006B5F78 /* ChooseAnalyzerViewController.m */ = {isa = PBXFileReference; fileEncoding = 4; lastKnownFileType = sourcecode.c.objc; path = ChooseAnalyzerViewController.m; sourceTree = "<group>"; };
		9417325B1B150200006B5F78 /* ChooseAnalyzerViewController.xib */ = {isa = PBXFileReference; fileEncoding = 4; lastKnownFileType = file.xib; path = ChooseAnalyzerViewController.xib; sourceTree = "<group>"; };
		941732631B1504ED006B5F78 /* UICKeyChainStore.h */ = {isa = PBXFileReference; fileEncoding = 4; lastKnownFileType = sourcecode.c.h; path = UICKeyChainStore.h; sourceTree = "<group>"; };
		941732641B1504ED006B5F78 /* UICKeyChainStore.m */ = {isa = PBXFileReference; fileEncoding = 4; lastKnownFileType = sourcecode.c.objc; path = UICKeyChainStore.m; sourceTree = "<group>"; };
		949FAE751B547A0D00835D9B /* Person.h */ = {isa = PBXFileReference; fileEncoding = 4; lastKnownFileType = sourcecode.c.h; path = Person.h; sourceTree = "<group>"; };
		949FAE761B547A0D00835D9B /* Person.m */ = {isa = PBXFileReference; fileEncoding = 4; lastKnownFileType = sourcecode.c.objc; path = Person.m; sourceTree = "<group>"; };
		949FAE781B547A9500835D9B /* Post.h */ = {isa = PBXFileReference; fileEncoding = 4; lastKnownFileType = sourcecode.c.h; path = Post.h; sourceTree = "<group>"; };
		949FAE791B547A9500835D9B /* Post.m */ = {isa = PBXFileReference; fileEncoding = 4; lastKnownFileType = sourcecode.c.objc; path = Post.m; sourceTree = "<group>"; };
		949FAE7B1B547AC700835D9B /* Comment.h */ = {isa = PBXFileReference; fileEncoding = 4; lastKnownFileType = sourcecode.c.h; path = Comment.h; sourceTree = "<group>"; };
		949FAE7C1B547AC700835D9B /* Comment.m */ = {isa = PBXFileReference; fileEncoding = 4; lastKnownFileType = sourcecode.c.objc; path = Comment.m; sourceTree = "<group>"; };
		949FAE7E1B547BE600835D9B /* Like.h */ = {isa = PBXFileReference; fileEncoding = 4; lastKnownFileType = sourcecode.c.h; path = Like.h; sourceTree = "<group>"; };
		949FAE7F1B547BE600835D9B /* Like.m */ = {isa = PBXFileReference; fileEncoding = 4; lastKnownFileType = sourcecode.c.objc; path = Like.m; sourceTree = "<group>"; };
		94B2B0151B14E82900CFE01F /* Facebook Friend Analyzer.app */ = {isa = PBXFileReference; explicitFileType = wrapper.application; includeInIndex = 0; path = "Facebook Friend Analyzer.app"; sourceTree = BUILT_PRODUCTS_DIR; };
		94B2B0191B14E82900CFE01F /* Info.plist */ = {isa = PBXFileReference; lastKnownFileType = text.plist.xml; path = Info.plist; sourceTree = "<group>"; };
		94B2B01A1B14E82900CFE01F /* main.m */ = {isa = PBXFileReference; lastKnownFileType = sourcecode.c.objc; path = main.m; sourceTree = "<group>"; };
		94B2B01C1B14E82900CFE01F /* AppDelegate.h */ = {isa = PBXFileReference; lastKnownFileType = sourcecode.c.h; path = AppDelegate.h; sourceTree = "<group>"; };
		94B2B01D1B14E82900CFE01F /* AppDelegate.m */ = {isa = PBXFileReference; lastKnownFileType = sourcecode.c.objc; path = AppDelegate.m; sourceTree = "<group>"; };
		94B2B01F1B14E82900CFE01F /* ViewController.h */ = {isa = PBXFileReference; lastKnownFileType = sourcecode.c.h; path = ViewController.h; sourceTree = "<group>"; };
		94B2B0201B14E82900CFE01F /* ViewController.m */ = {isa = PBXFileReference; lastKnownFileType = sourcecode.c.objc; path = ViewController.m; sourceTree = "<group>"; };
		94B2B0231B14E82900CFE01F /* Base */ = {isa = PBXFileReference; lastKnownFileType = file.storyboard; name = Base; path = Base.lproj/Main.storyboard; sourceTree = "<group>"; };
		94B2B0251B14E82900CFE01F /* Images.xcassets */ = {isa = PBXFileReference; lastKnownFileType = folder.assetcatalog; path = Images.xcassets; sourceTree = "<group>"; };
		94B2B0281B14E82900CFE01F /* Base */ = {isa = PBXFileReference; lastKnownFileType = file.xib; name = Base; path = Base.lproj/LaunchScreen.xib; sourceTree = "<group>"; };
		94B2B02E1B14E82A00CFE01F /* Facebook Friend AnalyzerTests.xctest */ = {isa = PBXFileReference; explicitFileType = wrapper.cfbundle; includeInIndex = 0; path = "Facebook Friend AnalyzerTests.xctest"; sourceTree = BUILT_PRODUCTS_DIR; };
		94B2B0331B14E82A00CFE01F /* Info.plist */ = {isa = PBXFileReference; lastKnownFileType = text.plist.xml; path = Info.plist; sourceTree = "<group>"; };
		94B2B0341B14E82A00CFE01F /* Facebook_Friend_AnalyzerTests.m */ = {isa = PBXFileReference; lastKnownFileType = sourcecode.c.objc; path = Facebook_Friend_AnalyzerTests.m; sourceTree = "<group>"; };
		94B2B03E1B14EAC900CFE01F /* FBSDKCoreKit.framework */ = {isa = PBXFileReference; lastKnownFileType = wrapper.framework; name = FBSDKCoreKit.framework; path = ../../Documents/FacebookSDK/FBSDKCoreKit.framework; sourceTree = "<group>"; };
		94B2B03F1B14EAC900CFE01F /* FBSDKLoginKit.framework */ = {isa = PBXFileReference; lastKnownFileType = wrapper.framework; name = FBSDKLoginKit.framework; path = ../../Documents/FacebookSDK/FBSDKLoginKit.framework; sourceTree = "<group>"; };
		94B2B0401B14EAC900CFE01F /* FBSDKShareKit.framework */ = {isa = PBXFileReference; lastKnownFileType = wrapper.framework; name = FBSDKShareKit.framework; path = ../../Documents/FacebookSDK/FBSDKShareKit.framework; sourceTree = "<group>"; };
		94B2B0441B14EB0B00CFE01F /* LoginViewController.h */ = {isa = PBXFileReference; fileEncoding = 4; lastKnownFileType = sourcecode.c.h; path = LoginViewController.h; sourceTree = "<group>"; };
		94B2B0451B14EB0B00CFE01F /* LoginViewController.m */ = {isa = PBXFileReference; fileEncoding = 4; lastKnownFileType = sourcecode.c.objc; path = LoginViewController.m; sourceTree = "<group>"; };
		94B2B0461B14EB0B00CFE01F /* LoginViewController.xib */ = {isa = PBXFileReference; fileEncoding = 4; lastKnownFileType = file.xib; path = LoginViewController.xib; sourceTree = "<group>"; };
		94D17D351B1A514B006AF7A7 /* facebook_f_icon.png */ = {isa = PBXFileReference; lastKnownFileType = image.png; path = facebook_f_icon.png; sourceTree = "<group>"; };
/* End PBXFileReference section */

/* Begin PBXFrameworksBuildPhase section */
		94B2B0121B14E82900CFE01F /* Frameworks */ = {
			isa = PBXFrameworksBuildPhase;
			buildActionMask = 2147483647;
			files = (
				94B2B0421B14EAC900CFE01F /* FBSDKLoginKit.framework in Frameworks */,
				94B2B0411B14EAC900CFE01F /* FBSDKCoreKit.framework in Frameworks */,
				94B2B0431B14EAC900CFE01F /* FBSDKShareKit.framework in Frameworks */,
			);
			runOnlyForDeploymentPostprocessing = 0;
		};
		94B2B02B1B14E82A00CFE01F /* Frameworks */ = {
			isa = PBXFrameworksBuildPhase;
			buildActionMask = 2147483647;
			files = (
			);
			runOnlyForDeploymentPostprocessing = 0;
		};
/* End PBXFrameworksBuildPhase section */

/* Begin PBXGroup section */
		941732661B150587006B5F78 /* Login */ = {
			isa = PBXGroup;
			children = (
				94B2B0441B14EB0B00CFE01F /* LoginViewController.h */,
				94B2B0451B14EB0B00CFE01F /* LoginViewController.m */,
				94B2B0461B14EB0B00CFE01F /* LoginViewController.xib */,
			);
			name = Login;
			sourceTree = "<group>";
		};
		941732671B15058F006B5F78 /* KeyChain */ = {
			isa = PBXGroup;
			children = (
				941732631B1504ED006B5F78 /* UICKeyChainStore.h */,
				941732641B1504ED006B5F78 /* UICKeyChainStore.m */,
			);
			name = KeyChain;
			sourceTree = "<group>";
		};
		941732681B1505A4006B5F78 /* Facebook Libraries */ = {
			isa = PBXGroup;
			children = (
				94B2B03E1B14EAC900CFE01F /* FBSDKCoreKit.framework */,
				94B2B03F1B14EAC900CFE01F /* FBSDKLoginKit.framework */,
				94B2B0401B14EAC900CFE01F /* FBSDKShareKit.framework */,
			);
			name = "Facebook Libraries";
			sourceTree = "<group>";
		};
		94B2B00C1B14E82900CFE01F = {
			isa = PBXGroup;
			children = (
				94B2B0171B14E82900CFE01F /* Facebook Friend Analyzer */,
				941732681B1505A4006B5F78 /* Facebook Libraries */,
				94B2B0311B14E82A00CFE01F /* Facebook Friend AnalyzerTests */,
				94B2B0161B14E82900CFE01F /* Products */,
			);
			sourceTree = "<group>";
		};
		94B2B0161B14E82900CFE01F /* Products */ = {
			isa = PBXGroup;
			children = (
				94B2B0151B14E82900CFE01F /* Facebook Friend Analyzer.app */,
				94B2B02E1B14E82A00CFE01F /* Facebook Friend AnalyzerTests.xctest */,
			);
			name = Products;
			sourceTree = "<group>";
		};
		94B2B0171B14E82900CFE01F /* Facebook Friend Analyzer */ = {
			isa = PBXGroup;
			children = (
				941732591B150200006B5F78 /* ChooseAnalyzerViewController.h */,
				9417325A1B150200006B5F78 /* ChooseAnalyzerViewController.m */,
				9417325B1B150200006B5F78 /* ChooseAnalyzerViewController.xib */,
				94B2B01C1B14E82900CFE01F /* AppDelegate.h */,
				94B2B01D1B14E82900CFE01F /* AppDelegate.m */,
				94B2B01F1B14E82900CFE01F /* ViewController.h */,
				94B2B0201B14E82900CFE01F /* ViewController.m */,
				94B2B0221B14E82900CFE01F /* Main.storyboard */,
				94B2B0251B14E82900CFE01F /* Images.xcassets */,
				94D17D351B1A514B006AF7A7 /* facebook_f_icon.png */,
				94B2B0271B14E82900CFE01F /* LaunchScreen.xib */,
				94B2B0181B14E82900CFE01F /* Supporting Files */,
				941732671B15058F006B5F78 /* KeyChain */,
				941732661B150587006B5F78 /* Login */,
				949FAE751B547A0D00835D9B /* Person.h */,
				949FAE761B547A0D00835D9B /* Person.m */,
				949FAE781B547A9500835D9B /* Post.h */,
				949FAE791B547A9500835D9B /* Post.m */,
				949FAE7B1B547AC700835D9B /* Comment.h */,
				949FAE7C1B547AC700835D9B /* Comment.m */,
				949FAE7E1B547BE600835D9B /* Like.h */,
				949FAE7F1B547BE600835D9B /* Like.m */,
			);
			path = "Facebook Friend Analyzer";
			sourceTree = "<group>";
		};
		94B2B0181B14E82900CFE01F /* Supporting Files */ = {
			isa = PBXGroup;
			children = (
				94B2B0191B14E82900CFE01F /* Info.plist */,
				94B2B01A1B14E82900CFE01F /* main.m */,
			);
			name = "Supporting Files";
			sourceTree = "<group>";
		};
		94B2B0311B14E82A00CFE01F /* Facebook Friend AnalyzerTests */ = {
			isa = PBXGroup;
			children = (
				94B2B0341B14E82A00CFE01F /* Facebook_Friend_AnalyzerTests.m */,
				94B2B0321B14E82A00CFE01F /* Supporting Files */,
			);
			path = "Facebook Friend AnalyzerTests";
			sourceTree = "<group>";
		};
		94B2B0321B14E82A00CFE01F /* Supporting Files */ = {
			isa = PBXGroup;
			children = (
				94B2B0331B14E82A00CFE01F /* Info.plist */,
			);
			name = "Supporting Files";
			sourceTree = "<group>";
		};
/* End PBXGroup section */

/* Begin PBXNativeTarget section */
		94B2B0141B14E82900CFE01F /* Facebook Friend Analyzer */ = {
			isa = PBXNativeTarget;
			buildConfigurationList = 94B2B0381B14E82A00CFE01F /* Build configuration list for PBXNativeTarget "Facebook Friend Analyzer" */;
			buildPhases = (
				94B2B0111B14E82900CFE01F /* Sources */,
				94B2B0121B14E82900CFE01F /* Frameworks */,
				94B2B0131B14E82900CFE01F /* Resources */,
			);
			buildRules = (
			);
			dependencies = (
			);
			name = "Facebook Friend Analyzer";
			productName = "Facebook Friend Analyzer";
			productReference = 94B2B0151B14E82900CFE01F /* Facebook Friend Analyzer.app */;
			productType = "com.apple.product-type.application";
		};
		94B2B02D1B14E82A00CFE01F /* Facebook Friend AnalyzerTests */ = {
			isa = PBXNativeTarget;
			buildConfigurationList = 94B2B03B1B14E82A00CFE01F /* Build configuration list for PBXNativeTarget "Facebook Friend AnalyzerTests" */;
			buildPhases = (
				94B2B02A1B14E82A00CFE01F /* Sources */,
				94B2B02B1B14E82A00CFE01F /* Frameworks */,
				94B2B02C1B14E82A00CFE01F /* Resources */,
			);
			buildRules = (
			);
			dependencies = (
				94B2B0301B14E82A00CFE01F /* PBXTargetDependency */,
			);
			name = "Facebook Friend AnalyzerTests";
			productName = "Facebook Friend AnalyzerTests";
			productReference = 94B2B02E1B14E82A00CFE01F /* Facebook Friend AnalyzerTests.xctest */;
			productType = "com.apple.product-type.bundle.unit-test";
		};
/* End PBXNativeTarget section */

/* Begin PBXProject section */
		94B2B00D1B14E82900CFE01F /* Project object */ = {
			isa = PBXProject;
			attributes = {
				LastUpgradeCheck = 0630;
				ORGANIZATIONNAME = "Ryan D'souza";
				TargetAttributes = {
					94B2B0141B14E82900CFE01F = {
						CreatedOnToolsVersion = 6.3.1;
					};
					94B2B02D1B14E82A00CFE01F = {
						CreatedOnToolsVersion = 6.3.1;
						TestTargetID = 94B2B0141B14E82900CFE01F;
					};
				};
			};
			buildConfigurationList = 94B2B0101B14E82900CFE01F /* Build configuration list for PBXProject "Facebook Friend Analyzer" */;
			compatibilityVersion = "Xcode 3.2";
			developmentRegion = English;
			hasScannedForEncodings = 0;
			knownRegions = (
				en,
				Base,
			);
			mainGroup = 94B2B00C1B14E82900CFE01F;
			productRefGroup = 94B2B0161B14E82900CFE01F /* Products */;
			projectDirPath = "";
			projectRoot = "";
			targets = (
				94B2B0141B14E82900CFE01F /* Facebook Friend Analyzer */,
				94B2B02D1B14E82A00CFE01F /* Facebook Friend AnalyzerTests */,
			);
		};
/* End PBXProject section */

/* Begin PBXResourcesBuildPhase section */
		94B2B0131B14E82900CFE01F /* Resources */ = {
			isa = PBXResourcesBuildPhase;
			buildActionMask = 2147483647;
			files = (
				9417325D1B150200006B5F78 /* ChooseAnalyzerViewController.xib in Resources */,
				94B2B0481B14EB0B00CFE01F /* LoginViewController.xib in Resources */,
				94B2B0241B14E82900CFE01F /* Main.storyboard in Resources */,
				94D17D361B1A514B006AF7A7 /* facebook_f_icon.png in Resources */,
				94B2B0291B14E82900CFE01F /* LaunchScreen.xib in Resources */,
				94B2B0261B14E82900CFE01F /* Images.xcassets in Resources */,
			);
			runOnlyForDeploymentPostprocessing = 0;
		};
		94B2B02C1B14E82A00CFE01F /* Resources */ = {
			isa = PBXResourcesBuildPhase;
			buildActionMask = 2147483647;
			files = (
			);
			runOnlyForDeploymentPostprocessing = 0;
		};
/* End PBXResourcesBuildPhase section */

/* Begin PBXSourcesBuildPhase section */
		94B2B0111B14E82900CFE01F /* Sources */ = {
			isa = PBXSourcesBuildPhase;
			buildActionMask = 2147483647;
			files = (
				949FAE801B547BE600835D9B /* Like.m in Sources */,
				94B2B0471B14EB0B00CFE01F /* LoginViewController.m in Sources */,
				94B2B0211B14E82900CFE01F /* ViewController.m in Sources */,
				949FAE771B547A0D00835D9B /* Person.m in Sources */,
				9417325C1B150200006B5F78 /* ChooseAnalyzerViewController.m in Sources */,
				94B2B01E1B14E82900CFE01F /* AppDelegate.m in Sources */,
				94B2B01B1B14E82900CFE01F /* main.m in Sources */,
				941732651B1504ED006B5F78 /* UICKeyChainStore.m in Sources */,
				949FAE7D1B547AC700835D9B /* Comment.m in Sources */,
				949FAE7A1B547A9500835D9B /* Post.m in Sources */,
			);
			runOnlyForDeploymentPostprocessing = 0;
		};
		94B2B02A1B14E82A00CFE01F /* Sources */ = {
			isa = PBXSourcesBuildPhase;
			buildActionMask = 2147483647;
			files = (
				94B2B0351B14E82A00CFE01F /* Facebook_Friend_AnalyzerTests.m in Sources */,
			);
			runOnlyForDeploymentPostprocessing = 0;
		};
/* End PBXSourcesBuildPhase section */

/* Begin PBXTargetDependency section */
		94B2B0301B14E82A00CFE01F /* PBXTargetDependency */ = {
			isa = PBXTargetDependency;
			target = 94B2B0141B14E82900CFE01F /* Facebook Friend Analyzer */;
			targetProxy = 94B2B02F1B14E82A00CFE01F /* PBXContainerItemProxy */;
		};
/* End PBXTargetDependency section */

/* Begin PBXVariantGroup section */
		94B2B0221B14E82900CFE01F /* Main.storyboard */ = {
			isa = PBXVariantGroup;
			children = (
				94B2B0231B14E82900CFE01F /* Base */,
			);
			name = Main.storyboard;
			sourceTree = "<group>";
		};
		94B2B0271B14E82900CFE01F /* LaunchScreen.xib */ = {
			isa = PBXVariantGroup;
			children = (
				94B2B0281B14E82900CFE01F /* Base */,
			);
			name = LaunchScreen.xib;
			sourceTree = "<group>";
		};
/* End PBXVariantGroup section */

/* Begin XCBuildConfiguration section */
		94B2B0361B14E82A00CFE01F /* Debug */ = {
			isa = XCBuildConfiguration;
			buildSettings = {
				ALWAYS_SEARCH_USER_PATHS = NO;
				CLANG_CXX_LANGUAGE_STANDARD = "gnu++0x";
				CLANG_CXX_LIBRARY = "libc++";
				CLANG_ENABLE_MODULES = YES;
				CLANG_ENABLE_OBJC_ARC = YES;
				CLANG_WARN_BOOL_CONVERSION = YES;
				CLANG_WARN_CONSTANT_CONVERSION = YES;
				CLANG_WARN_DIRECT_OBJC_ISA_USAGE = YES_ERROR;
				CLANG_WARN_EMPTY_BODY = YES;
				CLANG_WARN_ENUM_CONVERSION = YES;
				CLANG_WARN_INT_CONVERSION = YES;
				CLANG_WARN_OBJC_ROOT_CLASS = YES_ERROR;
				CLANG_WARN_UNREACHABLE_CODE = YES;
				CLANG_WARN__DUPLICATE_METHOD_MATCH = YES;
				"CODE_SIGN_IDENTITY[sdk=iphoneos*]" = "iPhone Developer";
				COPY_PHASE_STRIP = NO;
				DEBUG_INFORMATION_FORMAT = "dwarf-with-dsym";
				ENABLE_STRICT_OBJC_MSGSEND = YES;
				GCC_C_LANGUAGE_STANDARD = gnu99;
				GCC_DYNAMIC_NO_PIC = NO;
				GCC_NO_COMMON_BLOCKS = YES;
				GCC_OPTIMIZATION_LEVEL = 0;
				GCC_PREPROCESSOR_DEFINITIONS = (
					"DEBUG=1",
					"$(inherited)",
				);
				GCC_SYMBOLS_PRIVATE_EXTERN = NO;
				GCC_WARN_64_TO_32_BIT_CONVERSION = YES;
				GCC_WARN_ABOUT_RETURN_TYPE = YES_ERROR;
				GCC_WARN_UNDECLARED_SELECTOR = YES;
				GCC_WARN_UNINITIALIZED_AUTOS = YES_AGGRESSIVE;
				GCC_WARN_UNUSED_FUNCTION = YES;
				GCC_WARN_UNUSED_VARIABLE = YES;
				IPHONEOS_DEPLOYMENT_TARGET = 8.3;
				MTL_ENABLE_DEBUG_INFO = YES;
				ONLY_ACTIVE_ARCH = YES;
				SDKROOT = iphoneos;
			};
			name = Debug;
		};
		94B2B0371B14E82A00CFE01F /* Release */ = {
			isa = XCBuildConfiguration;
			buildSettings = {
				ALWAYS_SEARCH_USER_PATHS = NO;
				CLANG_CXX_LANGUAGE_STANDARD = "gnu++0x";
				CLANG_CXX_LIBRARY = "libc++";
				CLANG_ENABLE_MODULES = YES;
				CLANG_ENABLE_OBJC_ARC = YES;
				CLANG_WARN_BOOL_CONVERSION = YES;
				CLANG_WARN_CONSTANT_CONVERSION = YES;
				CLANG_WARN_DIRECT_OBJC_ISA_USAGE = YES_ERROR;
				CLANG_WARN_EMPTY_BODY = YES;
				CLANG_WARN_ENUM_CONVERSION = YES;
				CLANG_WARN_INT_CONVERSION = YES;
				CLANG_WARN_OBJC_ROOT_CLASS = YES_ERROR;
				CLANG_WARN_UNREACHABLE_CODE = YES;
				CLANG_WARN__DUPLICATE_METHOD_MATCH = YES;
				"CODE_SIGN_IDENTITY[sdk=iphoneos*]" = "iPhone Developer";
				COPY_PHASE_STRIP = NO;
				DEBUG_INFORMATION_FORMAT = "dwarf-with-dsym";
				ENABLE_NS_ASSERTIONS = NO;
				ENABLE_STRICT_OBJC_MSGSEND = YES;
				GCC_C_LANGUAGE_STANDARD = gnu99;
				GCC_NO_COMMON_BLOCKS = YES;
				GCC_WARN_64_TO_32_BIT_CONVERSION = YES;
				GCC_WARN_ABOUT_RETURN_TYPE = YES_ERROR;
				GCC_WARN_UNDECLARED_SELECTOR = YES;
				GCC_WARN_UNINITIALIZED_AUTOS = YES_AGGRESSIVE;
				GCC_WARN_UNUSED_FUNCTION = YES;
				GCC_WARN_UNUSED_VARIABLE = YES;
				IPHONEOS_DEPLOYMENT_TARGET = 8.3;
				MTL_ENABLE_DEBUG_INFO = NO;
				SDKROOT = iphoneos;
				VALIDATE_PRODUCT = YES;
			};
			name = Release;
		};
		94B2B0391B14E82A00CFE01F /* Debug */ = {
			isa = XCBuildConfiguration;
			buildSettings = {
				ASSETCATALOG_COMPILER_APPICON_NAME = AppIcon;
				FRAMEWORK_SEARCH_PATHS = (
					"$(inherited)",
					/Users/Ryan/Documents/FacebookSDK,
				);
				INFOPLIST_FILE = "Facebook Friend Analyzer/Info.plist";
				LD_RUNPATH_SEARCH_PATHS = "$(inherited) @executable_path/Frameworks";
				PRODUCT_NAME = "$(TARGET_NAME)";
			};
			name = Debug;
		};
		94B2B03A1B14E82A00CFE01F /* Release */ = {
			isa = XCBuildConfiguration;
			buildSettings = {
				ASSETCATALOG_COMPILER_APPICON_NAME = AppIcon;
				FRAMEWORK_SEARCH_PATHS = (
					"$(inherited)",
					/Users/Ryan/Documents/FacebookSDK,
				);
				INFOPLIST_FILE = "Facebook Friend Analyzer/Info.plist";
				LD_RUNPATH_SEARCH_PATHS = "$(inherited) @executable_path/Frameworks";
				PRODUCT_NAME = "$(TARGET_NAME)";
			};
			name = Release;
		};
		94B2B03C1B14E82A00CFE01F /* Debug */ = {
			isa = XCBuildConfiguration;
			buildSettings = {
				BUNDLE_LOADER = "$(TEST_HOST)";
				FRAMEWORK_SEARCH_PATHS = (
					"$(SDKROOT)/Developer/Library/Frameworks",
					"$(inherited)",
				);
				GCC_PREPROCESSOR_DEFINITIONS = (
					"DEBUG=1",
					"$(inherited)",
				);
				INFOPLIST_FILE = "Facebook Friend AnalyzerTests/Info.plist";
				LD_RUNPATH_SEARCH_PATHS = "$(inherited) @executable_path/Frameworks @loader_path/Frameworks";
				PRODUCT_NAME = "$(TARGET_NAME)";
				TEST_HOST = "$(BUILT_PRODUCTS_DIR)/Facebook Friend Analyzer.app/Facebook Friend Analyzer";
			};
			name = Debug;
		};
		94B2B03D1B14E82A00CFE01F /* Release */ = {
			isa = XCBuildConfiguration;
			buildSettings = {
				BUNDLE_LOADER = "$(TEST_HOST)";
				FRAMEWORK_SEARCH_PATHS = (
					"$(SDKROOT)/Developer/Library/Frameworks",
					"$(inherited)",
				);
				INFOPLIST_FILE = "Facebook Friend AnalyzerTests/Info.plist";
				LD_RUNPATH_SEARCH_PATHS = "$(inherited) @executable_path/Frameworks @loader_path/Frameworks";
				PRODUCT_NAME = "$(TARGET_NAME)";
				TEST_HOST = "$(BUILT_PRODUCTS_DIR)/Facebook Friend Analyzer.app/Facebook Friend Analyzer";
			};
			name = Release;
		};
/* End XCBuildConfiguration section */

/* Begin XCConfigurationList section */
		94B2B0101B14E82900CFE01F /* Build configuration list for PBXProject "Facebook Friend Analyzer" */ = {
			isa = XCConfigurationList;
			buildConfigurations = (
				94B2B0361B14E82A00CFE01F /* Debug */,
				94B2B0371B14E82A00CFE01F /* Release */,
			);
			defaultConfigurationIsVisible = 0;
			defaultConfigurationName = Release;
		};
		94B2B0381B14E82A00CFE01F /* Build configuration list for PBXNativeTarget "Facebook Friend Analyzer" */ = {
			isa = XCConfigurationList;
			buildConfigurations = (
				94B2B0391B14E82A00CFE01F /* Debug */,
				94B2B03A1B14E82A00CFE01F /* Release */,
			);
			defaultConfigurationIsVisible = 0;
			defaultConfigurationName = Release;
		};
		94B2B03B1B14E82A00CFE01F /* Build configuration list for PBXNativeTarget "Facebook Friend AnalyzerTests" */ = {
			isa = XCConfigurationList;
			buildConfigurations = (
				94B2B03C1B14E82A00CFE01F /* Debug */,
				94B2B03D1B14E82A00CFE01F /* Release */,
			);
			defaultConfigurationIsVisible = 0;
			defaultConfigurationName = Release;
		};
/* End XCConfigurationList section */
	};
	rootObject = 94B2B00D1B14E82900CFE01F /* Project object */;
}
